// !$*UTF8*$!
{
	archiveVersion = 1;
	classes = {
	};
	objectVersion = 56;
	objects = {

/* Begin PBXBuildFile section */
		7F1225AA2A8AD5CB009BE2A1 /* GoogleService-Info.plist in Resources */ = {isa = PBXBuildFile; fileRef = 7F1225A92A8AD5CB009BE2A1 /* GoogleService-Info.plist */; };
		7F1225AD2A8AD70F009BE2A1 /* FirebaseAnalytics in Frameworks */ = {isa = PBXBuildFile; productRef = 7F1225AC2A8AD70F009BE2A1 /* FirebaseAnalytics */; };
		7F1225AF2A8AD70F009BE2A1 /* FirebaseAnalyticsOnDeviceConversion in Frameworks */ = {isa = PBXBuildFile; productRef = 7F1225AE2A8AD70F009BE2A1 /* FirebaseAnalyticsOnDeviceConversion */; };
		7F1225B12A8AD70F009BE2A1 /* FirebaseAnalyticsSwift in Frameworks */ = {isa = PBXBuildFile; productRef = 7F1225B02A8AD70F009BE2A1 /* FirebaseAnalyticsSwift */; };
		7F1225B32A8AD70F009BE2A1 /* FirebaseAnalyticsWithoutAdIdSupport in Frameworks */ = {isa = PBXBuildFile; productRef = 7F1225B22A8AD70F009BE2A1 /* FirebaseAnalyticsWithoutAdIdSupport */; };
		7F1225B52A8AD70F009BE2A1 /* FirebaseAppCheck in Frameworks */ = {isa = PBXBuildFile; productRef = 7F1225B42A8AD70F009BE2A1 /* FirebaseAppCheck */; };
		7F1225B72A8AD70F009BE2A1 /* FirebaseAppDistribution-Beta in Frameworks */ = {isa = PBXBuildFile; productRef = 7F1225B62A8AD70F009BE2A1 /* FirebaseAppDistribution-Beta */; };
		7F1225B92A8AD70F009BE2A1 /* FirebaseAuth in Frameworks */ = {isa = PBXBuildFile; productRef = 7F1225B82A8AD70F009BE2A1 /* FirebaseAuth */; };
		7F1225BB2A8AD70F009BE2A1 /* FirebaseAuthCombine-Community in Frameworks */ = {isa = PBXBuildFile; productRef = 7F1225BA2A8AD70F009BE2A1 /* FirebaseAuthCombine-Community */; };
		7F1225BD2A8AD70F009BE2A1 /* FirebaseCrashlytics in Frameworks */ = {isa = PBXBuildFile; productRef = 7F1225BC2A8AD70F009BE2A1 /* FirebaseCrashlytics */; };
		7F1225BF2A8AD70F009BE2A1 /* FirebaseDatabase in Frameworks */ = {isa = PBXBuildFile; productRef = 7F1225BE2A8AD70F009BE2A1 /* FirebaseDatabase */; };
		7F1225C12A8AD70F009BE2A1 /* FirebaseDatabaseSwift in Frameworks */ = {isa = PBXBuildFile; productRef = 7F1225C02A8AD70F009BE2A1 /* FirebaseDatabaseSwift */; };
		7F1225C32A8AD70F009BE2A1 /* FirebaseDynamicLinks in Frameworks */ = {isa = PBXBuildFile; productRef = 7F1225C22A8AD70F009BE2A1 /* FirebaseDynamicLinks */; };
		7F1225C52A8AD70F009BE2A1 /* FirebaseFirestore in Frameworks */ = {isa = PBXBuildFile; productRef = 7F1225C42A8AD70F009BE2A1 /* FirebaseFirestore */; };
		7F1225C72A8AD70F009BE2A1 /* FirebaseFirestoreCombine-Community in Frameworks */ = {isa = PBXBuildFile; productRef = 7F1225C62A8AD70F009BE2A1 /* FirebaseFirestoreCombine-Community */; };
		7F1225C92A8AD70F009BE2A1 /* FirebaseFirestoreSwift in Frameworks */ = {isa = PBXBuildFile; productRef = 7F1225C82A8AD70F009BE2A1 /* FirebaseFirestoreSwift */; };
		7F1225CB2A8AD70F009BE2A1 /* FirebaseFunctions in Frameworks */ = {isa = PBXBuildFile; productRef = 7F1225CA2A8AD70F009BE2A1 /* FirebaseFunctions */; };
		7F1225CD2A8AD70F009BE2A1 /* FirebaseFunctionsCombine-Community in Frameworks */ = {isa = PBXBuildFile; productRef = 7F1225CC2A8AD70F009BE2A1 /* FirebaseFunctionsCombine-Community */; };
		7F1225CF2A8AD70F009BE2A1 /* FirebaseInAppMessaging-Beta in Frameworks */ = {isa = PBXBuildFile; productRef = 7F1225CE2A8AD70F009BE2A1 /* FirebaseInAppMessaging-Beta */; };
		7F1225D12A8AD70F009BE2A1 /* FirebaseInAppMessagingSwift-Beta in Frameworks */ = {isa = PBXBuildFile; productRef = 7F1225D02A8AD70F009BE2A1 /* FirebaseInAppMessagingSwift-Beta */; };
		7F1225D32A8AD70F009BE2A1 /* FirebaseInstallations in Frameworks */ = {isa = PBXBuildFile; productRef = 7F1225D22A8AD70F009BE2A1 /* FirebaseInstallations */; };
		7F1225D52A8AD70F009BE2A1 /* FirebaseMLModelDownloader in Frameworks */ = {isa = PBXBuildFile; productRef = 7F1225D42A8AD70F009BE2A1 /* FirebaseMLModelDownloader */; };
		7F1225D72A8AD70F009BE2A1 /* FirebaseMessaging in Frameworks */ = {isa = PBXBuildFile; productRef = 7F1225D62A8AD70F009BE2A1 /* FirebaseMessaging */; };
		7F1225D92A8AD70F009BE2A1 /* FirebasePerformance in Frameworks */ = {isa = PBXBuildFile; productRef = 7F1225D82A8AD70F009BE2A1 /* FirebasePerformance */; };
		7F1225DB2A8AD70F009BE2A1 /* FirebaseRemoteConfig in Frameworks */ = {isa = PBXBuildFile; productRef = 7F1225DA2A8AD70F009BE2A1 /* FirebaseRemoteConfig */; };
		7F1225DD2A8AD70F009BE2A1 /* FirebaseRemoteConfigSwift in Frameworks */ = {isa = PBXBuildFile; productRef = 7F1225DC2A8AD70F009BE2A1 /* FirebaseRemoteConfigSwift */; };
		7F1225DF2A8AD70F009BE2A1 /* FirebaseStorage in Frameworks */ = {isa = PBXBuildFile; productRef = 7F1225DE2A8AD70F009BE2A1 /* FirebaseStorage */; };
		7F1225E12A8AD70F009BE2A1 /* FirebaseStorageCombine-Community in Frameworks */ = {isa = PBXBuildFile; productRef = 7F1225E02A8AD70F009BE2A1 /* FirebaseStorageCombine-Community */; };
		7F1225E42A8B26C8009BE2A1 /* ListingModel.swift in Sources */ = {isa = PBXBuildFile; fileRef = 7F1225E32A8B26C8009BE2A1 /* ListingModel.swift */; };
		7F1225E62A8B3474009BE2A1 /* DataController.swift in Sources */ = {isa = PBXBuildFile; fileRef = 7F1225E52A8B3474009BE2A1 /* DataController.swift */; };
		7FE33CAE2A8B976A0029C8FB /* Photo.swift in Sources */ = {isa = PBXBuildFile; fileRef = 7FE33CAD2A8B976A0029C8FB /* Photo.swift */; };
		7FE33CB02A8B9B2E0029C8FB /* PhotoPickerViewModel.swift in Sources */ = {isa = PBXBuildFile; fileRef = 7FE33CAF2A8B9B2E0029C8FB /* PhotoPickerViewModel.swift */; };
		7FE33CB22A8B9E7A0029C8FB /* PhotoPreviewView.swift in Sources */ = {isa = PBXBuildFile; fileRef = 7FE33CB12A8B9E7A0029C8FB /* PhotoPreviewView.swift */; };
		7FF6A9C72A67819C003ED6AE /* ListingView.swift in Sources */ = {isa = PBXBuildFile; fileRef = 7FF6A9C62A67819C003ED6AE /* ListingView.swift */; };
		7FF6A9C92A678FE9003ED6AE /* NewListingView.swift in Sources */ = {isa = PBXBuildFile; fileRef = 7FF6A9C82A678FE9003ED6AE /* NewListingView.swift */; };
		7FF6A9CC2A6794C5003ED6AE /* FormTextFieldView.swift in Sources */ = {isa = PBXBuildFile; fileRef = 7FF6A9CB2A6794C5003ED6AE /* FormTextFieldView.swift */; };
		7FF6A9CE2A67AB6E003ED6AE /* MyListingsView.swift in Sources */ = {isa = PBXBuildFile; fileRef = 7FF6A9CD2A67AB6E003ED6AE /* MyListingsView.swift */; };
		7FF6A9D02A67ABCC003ED6AE /* HomeView.swift in Sources */ = {isa = PBXBuildFile; fileRef = 7FF6A9CF2A67ABCC003ED6AE /* HomeView.swift */; };
		8DA181832A67115C002353F9 /* MyLessee_iOS_SwiftUIApp.swift in Sources */ = {isa = PBXBuildFile; fileRef = 8DA181822A67115C002353F9 /* MyLessee_iOS_SwiftUIApp.swift */; };
		8DA181852A67115C002353F9 /* ContentView.swift in Sources */ = {isa = PBXBuildFile; fileRef = 8DA181842A67115C002353F9 /* ContentView.swift */; };
		8DA181872A67115F002353F9 /* Assets.xcassets in Resources */ = {isa = PBXBuildFile; fileRef = 8DA181862A67115F002353F9 /* Assets.xcassets */; };
		8DA1818A2A67115F002353F9 /* Preview Assets.xcassets in Resources */ = {isa = PBXBuildFile; fileRef = 8DA181892A67115F002353F9 /* Preview Assets.xcassets */; };
		8DA181912A67154E002353F9 /* AccountView.swift in Sources */ = {isa = PBXBuildFile; fileRef = 8DA181902A67154E002353F9 /* AccountView.swift */; };
		8DA181952A672E57002353F9 /* MainTabView.swift in Sources */ = {isa = PBXBuildFile; fileRef = 8DA181942A672E57002353F9 /* MainTabView.swift */; };
		8DA1819F2A675D0B002353F9 /* SignUpView.swift in Sources */ = {isa = PBXBuildFile; fileRef = 8DA1819E2A675D0B002353F9 /* SignUpView.swift */; };
		8DA181A12A67692C002353F9 /* LoginView.swift in Sources */ = {isa = PBXBuildFile; fileRef = 8DA181A02A67692C002353F9 /* LoginView.swift */; };
		B86F82FC2A675EF600799732 /* MessageComponent.swift in Sources */ = {isa = PBXBuildFile; fileRef = B86F82FB2A675EF600799732 /* MessageComponent.swift */; };
		B86F82FE2A6768E900799732 /* SearchComponent.swift in Sources */ = {isa = PBXBuildFile; fileRef = B86F82FD2A6768E900799732 /* SearchComponent.swift */; };
		B86F83012A676AB600799732 /* NotificationView.swift in Sources */ = {isa = PBXBuildFile; fileRef = B86F83002A676AB600799732 /* NotificationView.swift */; };
		B86F83032A676AC000799732 /* NotificationComponent.swift in Sources */ = {isa = PBXBuildFile; fileRef = B86F83022A676AC000799732 /* NotificationComponent.swift */; };
		F59F59CA2A671F1500DFBA71 /* HeaderView.swift in Sources */ = {isa = PBXBuildFile; fileRef = F59F59C92A671F1500DFBA71 /* HeaderView.swift */; };
		F59F59D42A6748B900DFBA71 /* MessageView.swift in Sources */ = {isa = PBXBuildFile; fileRef = F59F59D32A6748B900DFBA71 /* MessageView.swift */; };
		F59F59D62A674B0500DFBA71 /* EventView.swift in Sources */ = {isa = PBXBuildFile; fileRef = F59F59D52A674B0500DFBA71 /* EventView.swift */; };
		F59F59D72A67522100DFBA71 /* CalendarView.swift in Sources */ = {isa = PBXBuildFile; fileRef = F59F59CD2A672A4100DFBA71 /* CalendarView.swift */; };
		F59F59D82A67523000DFBA71 /* UpcomingEventView.swift in Sources */ = {isa = PBXBuildFile; fileRef = F59F59D12A6730B800DFBA71 /* UpcomingEventView.swift */; };
		F59F59DA2A6754E800DFBA71 /* AddEventView.swift in Sources */ = {isa = PBXBuildFile; fileRef = F59F59D92A6754E800DFBA71 /* AddEventView.swift */; };
		F59F59DD2A678E4700DFBA71 /* PostView.swift in Sources */ = {isa = PBXBuildFile; fileRef = F59F59DC2A678E4700DFBA71 /* PostView.swift */; };
/* End PBXBuildFile section */

/* Begin PBXFileReference section */
		7F1225A92A8AD5CB009BE2A1 /* GoogleService-Info.plist */ = {isa = PBXFileReference; fileEncoding = 4; lastKnownFileType = text.plist.xml; path = "GoogleService-Info.plist"; sourceTree = "<group>"; };
		7F1225E32A8B26C8009BE2A1 /* ListingModel.swift */ = {isa = PBXFileReference; lastKnownFileType = sourcecode.swift; path = ListingModel.swift; sourceTree = "<group>"; };
		7F1225E52A8B3474009BE2A1 /* DataController.swift */ = {isa = PBXFileReference; lastKnownFileType = sourcecode.swift; path = DataController.swift; sourceTree = "<group>"; };
		7FE33CAD2A8B976A0029C8FB /* Photo.swift */ = {isa = PBXFileReference; lastKnownFileType = sourcecode.swift; path = Photo.swift; sourceTree = "<group>"; };
		7FE33CAF2A8B9B2E0029C8FB /* PhotoPickerViewModel.swift */ = {isa = PBXFileReference; lastKnownFileType = sourcecode.swift; path = PhotoPickerViewModel.swift; sourceTree = "<group>"; };
		7FE33CB12A8B9E7A0029C8FB /* PhotoPreviewView.swift */ = {isa = PBXFileReference; lastKnownFileType = sourcecode.swift; path = PhotoPreviewView.swift; sourceTree = "<group>"; };
		7FF6A9C62A67819C003ED6AE /* ListingView.swift */ = {isa = PBXFileReference; lastKnownFileType = sourcecode.swift; path = ListingView.swift; sourceTree = "<group>"; };
		7FF6A9C82A678FE9003ED6AE /* NewListingView.swift */ = {isa = PBXFileReference; lastKnownFileType = sourcecode.swift; path = NewListingView.swift; sourceTree = "<group>"; };
		7FF6A9CB2A6794C5003ED6AE /* FormTextFieldView.swift */ = {isa = PBXFileReference; lastKnownFileType = sourcecode.swift; path = FormTextFieldView.swift; sourceTree = "<group>"; };
		7FF6A9CD2A67AB6E003ED6AE /* MyListingsView.swift */ = {isa = PBXFileReference; lastKnownFileType = sourcecode.swift; path = MyListingsView.swift; sourceTree = "<group>"; };
		7FF6A9CF2A67ABCC003ED6AE /* HomeView.swift */ = {isa = PBXFileReference; lastKnownFileType = sourcecode.swift; path = HomeView.swift; sourceTree = "<group>"; };
		8DA1817F2A67115C002353F9 /* MyLessee_iOS_SwiftUI.app */ = {isa = PBXFileReference; explicitFileType = wrapper.application; includeInIndex = 0; path = MyLessee_iOS_SwiftUI.app; sourceTree = BUILT_PRODUCTS_DIR; };
		8DA181822A67115C002353F9 /* MyLessee_iOS_SwiftUIApp.swift */ = {isa = PBXFileReference; lastKnownFileType = sourcecode.swift; path = MyLessee_iOS_SwiftUIApp.swift; sourceTree = "<group>"; };
		8DA181842A67115C002353F9 /* ContentView.swift */ = {isa = PBXFileReference; lastKnownFileType = sourcecode.swift; path = ContentView.swift; sourceTree = "<group>"; };
		8DA181862A67115F002353F9 /* Assets.xcassets */ = {isa = PBXFileReference; lastKnownFileType = folder.assetcatalog; path = Assets.xcassets; sourceTree = "<group>"; };
		8DA181892A67115F002353F9 /* Preview Assets.xcassets */ = {isa = PBXFileReference; lastKnownFileType = folder.assetcatalog; path = "Preview Assets.xcassets"; sourceTree = "<group>"; };
		8DA181902A67154E002353F9 /* AccountView.swift */ = {isa = PBXFileReference; lastKnownFileType = sourcecode.swift; path = AccountView.swift; sourceTree = "<group>"; };
		8DA181942A672E57002353F9 /* MainTabView.swift */ = {isa = PBXFileReference; lastKnownFileType = sourcecode.swift; path = MainTabView.swift; sourceTree = "<group>"; };
		8DA1819E2A675D0B002353F9 /* SignUpView.swift */ = {isa = PBXFileReference; lastKnownFileType = sourcecode.swift; path = SignUpView.swift; sourceTree = "<group>"; };
		8DA181A02A67692C002353F9 /* LoginView.swift */ = {isa = PBXFileReference; lastKnownFileType = sourcecode.swift; path = LoginView.swift; sourceTree = "<group>"; };
		B86F82FB2A675EF600799732 /* MessageComponent.swift */ = {isa = PBXFileReference; lastKnownFileType = sourcecode.swift; path = MessageComponent.swift; sourceTree = "<group>"; };
		B86F82FD2A6768E900799732 /* SearchComponent.swift */ = {isa = PBXFileReference; lastKnownFileType = sourcecode.swift; path = SearchComponent.swift; sourceTree = "<group>"; };
		B86F83002A676AB600799732 /* NotificationView.swift */ = {isa = PBXFileReference; lastKnownFileType = sourcecode.swift; path = NotificationView.swift; sourceTree = "<group>"; };
		B86F83022A676AC000799732 /* NotificationComponent.swift */ = {isa = PBXFileReference; lastKnownFileType = sourcecode.swift; path = NotificationComponent.swift; sourceTree = "<group>"; };
		F59F59C92A671F1500DFBA71 /* HeaderView.swift */ = {isa = PBXFileReference; lastKnownFileType = sourcecode.swift; path = HeaderView.swift; sourceTree = "<group>"; };
		F59F59CD2A672A4100DFBA71 /* CalendarView.swift */ = {isa = PBXFileReference; lastKnownFileType = sourcecode.swift; path = CalendarView.swift; sourceTree = "<group>"; };
		F59F59D12A6730B800DFBA71 /* UpcomingEventView.swift */ = {isa = PBXFileReference; lastKnownFileType = sourcecode.swift; path = UpcomingEventView.swift; sourceTree = "<group>"; };
		F59F59D32A6748B900DFBA71 /* MessageView.swift */ = {isa = PBXFileReference; lastKnownFileType = sourcecode.swift; path = MessageView.swift; sourceTree = "<group>"; };
		F59F59D52A674B0500DFBA71 /* EventView.swift */ = {isa = PBXFileReference; lastKnownFileType = sourcecode.swift; path = EventView.swift; sourceTree = "<group>"; };
		F59F59D92A6754E800DFBA71 /* AddEventView.swift */ = {isa = PBXFileReference; lastKnownFileType = sourcecode.swift; path = AddEventView.swift; sourceTree = "<group>"; };
		F59F59DC2A678E4700DFBA71 /* PostView.swift */ = {isa = PBXFileReference; lastKnownFileType = sourcecode.swift; path = PostView.swift; sourceTree = "<group>"; };
/* End PBXFileReference section */

/* Begin PBXFrameworksBuildPhase section */
		8DA1817C2A67115C002353F9 /* Frameworks */ = {
			isa = PBXFrameworksBuildPhase;
			buildActionMask = 2147483647;
			files = (
				7F1225BF2A8AD70F009BE2A1 /* FirebaseDatabase in Frameworks */,
				7F1225CD2A8AD70F009BE2A1 /* FirebaseFunctionsCombine-Community in Frameworks */,
				7F1225C52A8AD70F009BE2A1 /* FirebaseFirestore in Frameworks */,
				7F1225B12A8AD70F009BE2A1 /* FirebaseAnalyticsSwift in Frameworks */,
				7F1225AD2A8AD70F009BE2A1 /* FirebaseAnalytics in Frameworks */,
				7F1225AF2A8AD70F009BE2A1 /* FirebaseAnalyticsOnDeviceConversion in Frameworks */,
				7F1225D52A8AD70F009BE2A1 /* FirebaseMLModelDownloader in Frameworks */,
				7F1225C92A8AD70F009BE2A1 /* FirebaseFirestoreSwift in Frameworks */,
				7F1225B52A8AD70F009BE2A1 /* FirebaseAppCheck in Frameworks */,
				7F1225B32A8AD70F009BE2A1 /* FirebaseAnalyticsWithoutAdIdSupport in Frameworks */,
				7F1225B92A8AD70F009BE2A1 /* FirebaseAuth in Frameworks */,
				7F1225BD2A8AD70F009BE2A1 /* FirebaseCrashlytics in Frameworks */,
				7F1225DD2A8AD70F009BE2A1 /* FirebaseRemoteConfigSwift in Frameworks */,
				7F1225CF2A8AD70F009BE2A1 /* FirebaseInAppMessaging-Beta in Frameworks */,
				7F1225C12A8AD70F009BE2A1 /* FirebaseDatabaseSwift in Frameworks */,
				7F1225CB2A8AD70F009BE2A1 /* FirebaseFunctions in Frameworks */,
				7F1225E12A8AD70F009BE2A1 /* FirebaseStorageCombine-Community in Frameworks */,
				7F1225DB2A8AD70F009BE2A1 /* FirebaseRemoteConfig in Frameworks */,
				7F1225B72A8AD70F009BE2A1 /* FirebaseAppDistribution-Beta in Frameworks */,
				7F1225BB2A8AD70F009BE2A1 /* FirebaseAuthCombine-Community in Frameworks */,
				7F1225D92A8AD70F009BE2A1 /* FirebasePerformance in Frameworks */,
				7F1225D12A8AD70F009BE2A1 /* FirebaseInAppMessagingSwift-Beta in Frameworks */,
				7F1225DF2A8AD70F009BE2A1 /* FirebaseStorage in Frameworks */,
				7F1225C32A8AD70F009BE2A1 /* FirebaseDynamicLinks in Frameworks */,
				7F1225C72A8AD70F009BE2A1 /* FirebaseFirestoreCombine-Community in Frameworks */,
				7F1225D72A8AD70F009BE2A1 /* FirebaseMessaging in Frameworks */,
				7F1225D32A8AD70F009BE2A1 /* FirebaseInstallations in Frameworks */,
			);
			runOnlyForDeploymentPostprocessing = 0;
		};
/* End PBXFrameworksBuildPhase section */

/* Begin PBXGroup section */
		7F1225E22A8B26A3009BE2A1 /* Models */ = {
			isa = PBXGroup;
			children = (
				7F1225E32A8B26C8009BE2A1 /* ListingModel.swift */,
				7FE33CAD2A8B976A0029C8FB /* Photo.swift */,
				7FE33CAF2A8B9B2E0029C8FB /* PhotoPickerViewModel.swift */,
			);
			path = Models;
			sourceTree = "<group>";
		};
		7FF6A9C52A678179003ED6AE /* MyListings */ = {
			isa = PBXGroup;
			children = (
				7FF6A9CA2A6794A2003ED6AE /* Components */,
				7FF6A9C62A67819C003ED6AE /* ListingView.swift */,
				7FF6A9C82A678FE9003ED6AE /* NewListingView.swift */,
				7FF6A9CD2A67AB6E003ED6AE /* MyListingsView.swift */,
			);
			path = MyListings;
			sourceTree = "<group>";
		};
		7FF6A9CA2A6794A2003ED6AE /* Components */ = {
			isa = PBXGroup;
			children = (
				7FF6A9CB2A6794C5003ED6AE /* FormTextFieldView.swift */,
			);
			path = Components;
			sourceTree = "<group>";
		};
		8DA181762A67115C002353F9 = {
			isa = PBXGroup;
			children = (
				8DA181812A67115C002353F9 /* MyLessee_iOS_SwiftUI */,
				8DA181802A67115C002353F9 /* Products */,
			);
			sourceTree = "<group>";
		};
		8DA181802A67115C002353F9 /* Products */ = {
			isa = PBXGroup;
			children = (
				8DA1817F2A67115C002353F9 /* MyLessee_iOS_SwiftUI.app */,
			);
			name = Products;
			sourceTree = "<group>";
		};
		8DA181812A67115C002353F9 /* MyLessee_iOS_SwiftUI */ = {
			isa = PBXGroup;
			children = (
				7F1225E22A8B26A3009BE2A1 /* Models */,
				7FF6A9C52A678179003ED6AE /* MyListings */,
				F59F59DB2A678E2D00DFBA71 /* Home */,
				B86F82FF2A676A8E00799732 /* Notifications */,
				B86F82F62A67599200799732 /* Messages */,
				F59F59CF2A672FD100DFBA71 /* Calendar */,
				8DA181822A67115C002353F9 /* MyLessee_iOS_SwiftUIApp.swift */,
				8DA181842A67115C002353F9 /* ContentView.swift */,
				8DA181862A67115F002353F9 /* Assets.xcassets */,
				8DA181882A67115F002353F9 /* Preview Content */,
				8DA181902A67154E002353F9 /* AccountView.swift */,
				F59F59C92A671F1500DFBA71 /* HeaderView.swift */,
				8DA181942A672E57002353F9 /* MainTabView.swift */,
				8DA1819E2A675D0B002353F9 /* SignUpView.swift */,
				8DA181A02A67692C002353F9 /* LoginView.swift */,
				7F1225A92A8AD5CB009BE2A1 /* GoogleService-Info.plist */,
				7F1225E52A8B3474009BE2A1 /* DataController.swift */,
				7FE33CB12A8B9E7A0029C8FB /* PhotoPreviewView.swift */,
			);
			path = MyLessee_iOS_SwiftUI;
			sourceTree = "<group>";
		};
		8DA181882A67115F002353F9 /* Preview Content */ = {
			isa = PBXGroup;
			children = (
				8DA181892A67115F002353F9 /* Preview Assets.xcassets */,
			);
			path = "Preview Content";
			sourceTree = "<group>";
		};
		B86F82F62A67599200799732 /* Messages */ = {
			isa = PBXGroup;
			children = (
				F59F59D32A6748B900DFBA71 /* MessageView.swift */,
				B86F82FB2A675EF600799732 /* MessageComponent.swift */,
				B86F82FD2A6768E900799732 /* SearchComponent.swift */,
			);
			path = Messages;
			sourceTree = "<group>";
		};
		B86F82FF2A676A8E00799732 /* Notifications */ = {
			isa = PBXGroup;
			children = (
				B86F83002A676AB600799732 /* NotificationView.swift */,
				B86F83022A676AC000799732 /* NotificationComponent.swift */,
			);
			path = Notifications;
			sourceTree = "<group>";
		};
		F59F59CF2A672FD100DFBA71 /* Calendar */ = {
			isa = PBXGroup;
			children = (
				F59F59CD2A672A4100DFBA71 /* CalendarView.swift */,
				F59F59D12A6730B800DFBA71 /* UpcomingEventView.swift */,
				F59F59D52A674B0500DFBA71 /* EventView.swift */,
				F59F59D92A6754E800DFBA71 /* AddEventView.swift */,
			);
			path = Calendar;
			sourceTree = "<group>";
		};
		F59F59DB2A678E2D00DFBA71 /* Home */ = {
			isa = PBXGroup;
			children = (
				F59F59DC2A678E4700DFBA71 /* PostView.swift */,
				7FF6A9CF2A67ABCC003ED6AE /* HomeView.swift */,
			);
			path = Home;
			sourceTree = "<group>";
		};
/* End PBXGroup section */

/* Begin PBXNativeTarget section */
		8DA1817E2A67115C002353F9 /* MyLessee_iOS_SwiftUI */ = {
			isa = PBXNativeTarget;
			buildConfigurationList = 8DA1818D2A67115F002353F9 /* Build configuration list for PBXNativeTarget "MyLessee_iOS_SwiftUI" */;
			buildPhases = (
				8DA1817B2A67115C002353F9 /* Sources */,
				8DA1817C2A67115C002353F9 /* Frameworks */,
				8DA1817D2A67115C002353F9 /* Resources */,
			);
			buildRules = (
			);
			dependencies = (
			);
			name = MyLessee_iOS_SwiftUI;
			packageProductDependencies = (
				7F1225AC2A8AD70F009BE2A1 /* FirebaseAnalytics */,
				7F1225AE2A8AD70F009BE2A1 /* FirebaseAnalyticsOnDeviceConversion */,
				7F1225B02A8AD70F009BE2A1 /* FirebaseAnalyticsSwift */,
				7F1225B22A8AD70F009BE2A1 /* FirebaseAnalyticsWithoutAdIdSupport */,
				7F1225B42A8AD70F009BE2A1 /* FirebaseAppCheck */,
				7F1225B62A8AD70F009BE2A1 /* FirebaseAppDistribution-Beta */,
				7F1225B82A8AD70F009BE2A1 /* FirebaseAuth */,
				7F1225BA2A8AD70F009BE2A1 /* FirebaseAuthCombine-Community */,
				7F1225BC2A8AD70F009BE2A1 /* FirebaseCrashlytics */,
				7F1225BE2A8AD70F009BE2A1 /* FirebaseDatabase */,
				7F1225C02A8AD70F009BE2A1 /* FirebaseDatabaseSwift */,
				7F1225C22A8AD70F009BE2A1 /* FirebaseDynamicLinks */,
				7F1225C42A8AD70F009BE2A1 /* FirebaseFirestore */,
				7F1225C62A8AD70F009BE2A1 /* FirebaseFirestoreCombine-Community */,
				7F1225C82A8AD70F009BE2A1 /* FirebaseFirestoreSwift */,
				7F1225CA2A8AD70F009BE2A1 /* FirebaseFunctions */,
				7F1225CC2A8AD70F009BE2A1 /* FirebaseFunctionsCombine-Community */,
				7F1225CE2A8AD70F009BE2A1 /* FirebaseInAppMessaging-Beta */,
				7F1225D02A8AD70F009BE2A1 /* FirebaseInAppMessagingSwift-Beta */,
				7F1225D22A8AD70F009BE2A1 /* FirebaseInstallations */,
				7F1225D42A8AD70F009BE2A1 /* FirebaseMLModelDownloader */,
				7F1225D62A8AD70F009BE2A1 /* FirebaseMessaging */,
				7F1225D82A8AD70F009BE2A1 /* FirebasePerformance */,
				7F1225DA2A8AD70F009BE2A1 /* FirebaseRemoteConfig */,
				7F1225DC2A8AD70F009BE2A1 /* FirebaseRemoteConfigSwift */,
				7F1225DE2A8AD70F009BE2A1 /* FirebaseStorage */,
				7F1225E02A8AD70F009BE2A1 /* FirebaseStorageCombine-Community */,
			);
			productName = MyLessee_iOS_SwiftUI;
			productReference = 8DA1817F2A67115C002353F9 /* MyLessee_iOS_SwiftUI.app */;
			productType = "com.apple.product-type.application";
		};
/* End PBXNativeTarget section */

/* Begin PBXProject section */
		8DA181772A67115C002353F9 /* Project object */ = {
			isa = PBXProject;
			attributes = {
				BuildIndependentTargetsInParallel = 1;
				LastSwiftUpdateCheck = 1430;
				LastUpgradeCheck = 1430;
				TargetAttributes = {
					8DA1817E2A67115C002353F9 = {
						CreatedOnToolsVersion = 14.3.1;
					};
				};
			};
			buildConfigurationList = 8DA1817A2A67115C002353F9 /* Build configuration list for PBXProject "MyLessee_iOS_SwiftUI" */;
			compatibilityVersion = "Xcode 14.0";
			developmentRegion = en;
			hasScannedForEncodings = 0;
			knownRegions = (
				en,
				Base,
			);
			mainGroup = 8DA181762A67115C002353F9;
			packageReferences = (
				7F1225AB2A8AD70F009BE2A1 /* XCRemoteSwiftPackageReference "firebase-ios-sdk" */,
			);
			productRefGroup = 8DA181802A67115C002353F9 /* Products */;
			projectDirPath = "";
			projectRoot = "";
			targets = (
				8DA1817E2A67115C002353F9 /* MyLessee_iOS_SwiftUI */,
			);
		};
/* End PBXProject section */

/* Begin PBXResourcesBuildPhase section */
		8DA1817D2A67115C002353F9 /* Resources */ = {
			isa = PBXResourcesBuildPhase;
			buildActionMask = 2147483647;
			files = (
				8DA1818A2A67115F002353F9 /* Preview Assets.xcassets in Resources */,
				8DA181872A67115F002353F9 /* Assets.xcassets in Resources */,
				7F1225AA2A8AD5CB009BE2A1 /* GoogleService-Info.plist in Resources */,
			);
			runOnlyForDeploymentPostprocessing = 0;
		};
/* End PBXResourcesBuildPhase section */

/* Begin PBXSourcesBuildPhase section */
		8DA1817B2A67115C002353F9 /* Sources */ = {
			isa = PBXSourcesBuildPhase;
			buildActionMask = 2147483647;
			files = (
				8DA181912A67154E002353F9 /* AccountView.swift in Sources */,
				7FE33CB02A8B9B2E0029C8FB /* PhotoPickerViewModel.swift in Sources */,
				B86F82FE2A6768E900799732 /* SearchComponent.swift in Sources */,
				F59F59D72A67522100DFBA71 /* CalendarView.swift in Sources */,
				B86F83012A676AB600799732 /* NotificationView.swift in Sources */,
				F59F59D62A674B0500DFBA71 /* EventView.swift in Sources */,
				7FF6A9D02A67ABCC003ED6AE /* HomeView.swift in Sources */,
				8DA181A12A67692C002353F9 /* LoginView.swift in Sources */,
				7FF6A9C92A678FE9003ED6AE /* NewListingView.swift in Sources */,
				8DA181852A67115C002353F9 /* ContentView.swift in Sources */,
				7FE33CAE2A8B976A0029C8FB /* Photo.swift in Sources */,
				7FF6A9CE2A67AB6E003ED6AE /* MyListingsView.swift in Sources */,
				7FF6A9C72A67819C003ED6AE /* ListingView.swift in Sources */,
				7F1225E42A8B26C8009BE2A1 /* ListingModel.swift in Sources */,
				B86F82FC2A675EF600799732 /* MessageComponent.swift in Sources */,
				7F1225E62A8B3474009BE2A1 /* DataController.swift in Sources */,
				F59F59DD2A678E4700DFBA71 /* PostView.swift in Sources */,
				F59F59DA2A6754E800DFBA71 /* AddEventView.swift in Sources */,
				F59F59D82A67523000DFBA71 /* UpcomingEventView.swift in Sources */,
				8DA181832A67115C002353F9 /* MyLessee_iOS_SwiftUIApp.swift in Sources */,
				F59F59D42A6748B900DFBA71 /* MessageView.swift in Sources */,
				B86F83032A676AC000799732 /* NotificationComponent.swift in Sources */,
				8DA1819F2A675D0B002353F9 /* SignUpView.swift in Sources */,
				F59F59CA2A671F1500DFBA71 /* HeaderView.swift in Sources */,
				7FF6A9CC2A6794C5003ED6AE /* FormTextFieldView.swift in Sources */,
				7FE33CB22A8B9E7A0029C8FB /* PhotoPreviewView.swift in Sources */,
				8DA181952A672E57002353F9 /* MainTabView.swift in Sources */,
			);
			runOnlyForDeploymentPostprocessing = 0;
		};
/* End PBXSourcesBuildPhase section */

/* Begin XCBuildConfiguration section */
		8DA1818B2A67115F002353F9 /* Debug */ = {
			isa = XCBuildConfiguration;
			buildSettings = {
				ALWAYS_SEARCH_USER_PATHS = NO;
				CLANG_ANALYZER_NONNULL = YES;
				CLANG_ANALYZER_NUMBER_OBJECT_CONVERSION = YES_AGGRESSIVE;
				CLANG_CXX_LANGUAGE_STANDARD = "gnu++20";
				CLANG_ENABLE_MODULES = YES;
				CLANG_ENABLE_OBJC_ARC = YES;
				CLANG_ENABLE_OBJC_WEAK = YES;
				CLANG_WARN_BLOCK_CAPTURE_AUTORELEASING = YES;
				CLANG_WARN_BOOL_CONVERSION = YES;
				CLANG_WARN_COMMA = YES;
				CLANG_WARN_CONSTANT_CONVERSION = YES;
				CLANG_WARN_DEPRECATED_OBJC_IMPLEMENTATIONS = YES;
				CLANG_WARN_DIRECT_OBJC_ISA_USAGE = YES_ERROR;
				CLANG_WARN_DOCUMENTATION_COMMENTS = YES;
				CLANG_WARN_EMPTY_BODY = YES;
				CLANG_WARN_ENUM_CONVERSION = YES;
				CLANG_WARN_INFINITE_RECURSION = YES;
				CLANG_WARN_INT_CONVERSION = YES;
				CLANG_WARN_NON_LITERAL_NULL_CONVERSION = YES;
				CLANG_WARN_OBJC_IMPLICIT_RETAIN_SELF = YES;
				CLANG_WARN_OBJC_LITERAL_CONVERSION = YES;
				CLANG_WARN_OBJC_ROOT_CLASS = YES_ERROR;
				CLANG_WARN_QUOTED_INCLUDE_IN_FRAMEWORK_HEADER = YES;
				CLANG_WARN_RANGE_LOOP_ANALYSIS = YES;
				CLANG_WARN_STRICT_PROTOTYPES = YES;
				CLANG_WARN_SUSPICIOUS_MOVE = YES;
				CLANG_WARN_UNGUARDED_AVAILABILITY = YES_AGGRESSIVE;
				CLANG_WARN_UNREACHABLE_CODE = YES;
				CLANG_WARN__DUPLICATE_METHOD_MATCH = YES;
				COPY_PHASE_STRIP = NO;
				DEBUG_INFORMATION_FORMAT = dwarf;
				ENABLE_STRICT_OBJC_MSGSEND = YES;
				ENABLE_TESTABILITY = YES;
				GCC_C_LANGUAGE_STANDARD = gnu11;
				GCC_DYNAMIC_NO_PIC = NO;
				GCC_NO_COMMON_BLOCKS = YES;
				GCC_OPTIMIZATION_LEVEL = 0;
				GCC_PREPROCESSOR_DEFINITIONS = (
					"DEBUG=1",
					"$(inherited)",
				);
				GCC_WARN_64_TO_32_BIT_CONVERSION = YES;
				GCC_WARN_ABOUT_RETURN_TYPE = YES_ERROR;
				GCC_WARN_UNDECLARED_SELECTOR = YES;
				GCC_WARN_UNINITIALIZED_AUTOS = YES_AGGRESSIVE;
				GCC_WARN_UNUSED_FUNCTION = YES;
				GCC_WARN_UNUSED_VARIABLE = YES;
				IPHONEOS_DEPLOYMENT_TARGET = 16.4;
				MTL_ENABLE_DEBUG_INFO = INCLUDE_SOURCE;
				MTL_FAST_MATH = YES;
				ONLY_ACTIVE_ARCH = YES;
				SDKROOT = iphoneos;
				SWIFT_ACTIVE_COMPILATION_CONDITIONS = DEBUG;
				SWIFT_OPTIMIZATION_LEVEL = "-Onone";
			};
			name = Debug;
		};
		8DA1818C2A67115F002353F9 /* Release */ = {
			isa = XCBuildConfiguration;
			buildSettings = {
				ALWAYS_SEARCH_USER_PATHS = NO;
				CLANG_ANALYZER_NONNULL = YES;
				CLANG_ANALYZER_NUMBER_OBJECT_CONVERSION = YES_AGGRESSIVE;
				CLANG_CXX_LANGUAGE_STANDARD = "gnu++20";
				CLANG_ENABLE_MODULES = YES;
				CLANG_ENABLE_OBJC_ARC = YES;
				CLANG_ENABLE_OBJC_WEAK = YES;
				CLANG_WARN_BLOCK_CAPTURE_AUTORELEASING = YES;
				CLANG_WARN_BOOL_CONVERSION = YES;
				CLANG_WARN_COMMA = YES;
				CLANG_WARN_CONSTANT_CONVERSION = YES;
				CLANG_WARN_DEPRECATED_OBJC_IMPLEMENTATIONS = YES;
				CLANG_WARN_DIRECT_OBJC_ISA_USAGE = YES_ERROR;
				CLANG_WARN_DOCUMENTATION_COMMENTS = YES;
				CLANG_WARN_EMPTY_BODY = YES;
				CLANG_WARN_ENUM_CONVERSION = YES;
				CLANG_WARN_INFINITE_RECURSION = YES;
				CLANG_WARN_INT_CONVERSION = YES;
				CLANG_WARN_NON_LITERAL_NULL_CONVERSION = YES;
				CLANG_WARN_OBJC_IMPLICIT_RETAIN_SELF = YES;
				CLANG_WARN_OBJC_LITERAL_CONVERSION = YES;
				CLANG_WARN_OBJC_ROOT_CLASS = YES_ERROR;
				CLANG_WARN_QUOTED_INCLUDE_IN_FRAMEWORK_HEADER = YES;
				CLANG_WARN_RANGE_LOOP_ANALYSIS = YES;
				CLANG_WARN_STRICT_PROTOTYPES = YES;
				CLANG_WARN_SUSPICIOUS_MOVE = YES;
				CLANG_WARN_UNGUARDED_AVAILABILITY = YES_AGGRESSIVE;
				CLANG_WARN_UNREACHABLE_CODE = YES;
				CLANG_WARN__DUPLICATE_METHOD_MATCH = YES;
				COPY_PHASE_STRIP = NO;
				DEBUG_INFORMATION_FORMAT = "dwarf-with-dsym";
				ENABLE_NS_ASSERTIONS = NO;
				ENABLE_STRICT_OBJC_MSGSEND = YES;
				GCC_C_LANGUAGE_STANDARD = gnu11;
				GCC_NO_COMMON_BLOCKS = YES;
				GCC_WARN_64_TO_32_BIT_CONVERSION = YES;
				GCC_WARN_ABOUT_RETURN_TYPE = YES_ERROR;
				GCC_WARN_UNDECLARED_SELECTOR = YES;
				GCC_WARN_UNINITIALIZED_AUTOS = YES_AGGRESSIVE;
				GCC_WARN_UNUSED_FUNCTION = YES;
				GCC_WARN_UNUSED_VARIABLE = YES;
				IPHONEOS_DEPLOYMENT_TARGET = 16.4;
				MTL_ENABLE_DEBUG_INFO = NO;
				MTL_FAST_MATH = YES;
				SDKROOT = iphoneos;
				SWIFT_COMPILATION_MODE = wholemodule;
				SWIFT_OPTIMIZATION_LEVEL = "-O";
				VALIDATE_PRODUCT = YES;
			};
			name = Release;
		};
		8DA1818E2A67115F002353F9 /* Debug */ = {
			isa = XCBuildConfiguration;
			buildSettings = {
				ASSETCATALOG_COMPILER_APPICON_NAME = AppIcon;
				ASSETCATALOG_COMPILER_GLOBAL_ACCENT_COLOR_NAME = AccentColor;
				CODE_SIGN_STYLE = Automatic;
				CURRENT_PROJECT_VERSION = 1;
				DEVELOPMENT_ASSET_PATHS = "\"MyLessee_iOS_SwiftUI/Preview Content\"";
				ENABLE_PREVIEWS = YES;
				GENERATE_INFOPLIST_FILE = YES;
				INFOPLIST_KEY_UIApplicationSceneManifest_Generation = YES;
				INFOPLIST_KEY_UIApplicationSupportsIndirectInputEvents = YES;
				INFOPLIST_KEY_UILaunchScreen_Generation = YES;
				INFOPLIST_KEY_UISupportedInterfaceOrientations_iPad = "UIInterfaceOrientationPortrait UIInterfaceOrientationPortraitUpsideDown UIInterfaceOrientationLandscapeLeft UIInterfaceOrientationLandscapeRight";
				INFOPLIST_KEY_UISupportedInterfaceOrientations_iPhone = "UIInterfaceOrientationPortrait UIInterfaceOrientationLandscapeLeft UIInterfaceOrientationLandscapeRight";
				IPHONEOS_DEPLOYMENT_TARGET = 16.2;
				LD_RUNPATH_SEARCH_PATHS = (
					"$(inherited)",
					"@executable_path/Frameworks",
				);
				MARKETING_VERSION = 1.0;
				PRODUCT_BUNDLE_IDENTIFIER = "com.humber.N01371888.MyLessee-iOS-SwiftUI";
				PRODUCT_NAME = "$(TARGET_NAME)";
				SWIFT_EMIT_LOC_STRINGS = YES;
				SWIFT_VERSION = 5.0;
				TARGETED_DEVICE_FAMILY = "1,2";
			};
			name = Debug;
		};
		8DA1818F2A67115F002353F9 /* Release */ = {
			isa = XCBuildConfiguration;
			buildSettings = {
				ASSETCATALOG_COMPILER_APPICON_NAME = AppIcon;
				ASSETCATALOG_COMPILER_GLOBAL_ACCENT_COLOR_NAME = AccentColor;
				CODE_SIGN_STYLE = Automatic;
				CURRENT_PROJECT_VERSION = 1;
				DEVELOPMENT_ASSET_PATHS = "\"MyLessee_iOS_SwiftUI/Preview Content\"";
				ENABLE_PREVIEWS = YES;
				GENERATE_INFOPLIST_FILE = YES;
				INFOPLIST_KEY_UIApplicationSceneManifest_Generation = YES;
				INFOPLIST_KEY_UIApplicationSupportsIndirectInputEvents = YES;
				INFOPLIST_KEY_UILaunchScreen_Generation = YES;
				INFOPLIST_KEY_UISupportedInterfaceOrientations_iPad = "UIInterfaceOrientationPortrait UIInterfaceOrientationPortraitUpsideDown UIInterfaceOrientationLandscapeLeft UIInterfaceOrientationLandscapeRight";
				INFOPLIST_KEY_UISupportedInterfaceOrientations_iPhone = "UIInterfaceOrientationPortrait UIInterfaceOrientationLandscapeLeft UIInterfaceOrientationLandscapeRight";
				IPHONEOS_DEPLOYMENT_TARGET = 16.2;
				LD_RUNPATH_SEARCH_PATHS = (
					"$(inherited)",
					"@executable_path/Frameworks",
				);
				MARKETING_VERSION = 1.0;
				PRODUCT_BUNDLE_IDENTIFIER = "com.humber.N01371888.MyLessee-iOS-SwiftUI";
				PRODUCT_NAME = "$(TARGET_NAME)";
				SWIFT_EMIT_LOC_STRINGS = YES;
				SWIFT_VERSION = 5.0;
				TARGETED_DEVICE_FAMILY = "1,2";
			};
			name = Release;
		};
/* End XCBuildConfiguration section */

/* Begin XCConfigurationList section */
		8DA1817A2A67115C002353F9 /* Build configuration list for PBXProject "MyLessee_iOS_SwiftUI" */ = {
			isa = XCConfigurationList;
			buildConfigurations = (
				8DA1818B2A67115F002353F9 /* Debug */,
				8DA1818C2A67115F002353F9 /* Release */,
			);
			defaultConfigurationIsVisible = 0;
			defaultConfigurationName = Release;
		};
		8DA1818D2A67115F002353F9 /* Build configuration list for PBXNativeTarget "MyLessee_iOS_SwiftUI" */ = {
			isa = XCConfigurationList;
			buildConfigurations = (
				8DA1818E2A67115F002353F9 /* Debug */,
				8DA1818F2A67115F002353F9 /* Release */,
			);
			defaultConfigurationIsVisible = 0;
			defaultConfigurationName = Release;
		};
/* End XCConfigurationList section */

/* Begin XCRemoteSwiftPackageReference section */
		7F1225AB2A8AD70F009BE2A1 /* XCRemoteSwiftPackageReference "firebase-ios-sdk" */ = {
			isa = XCRemoteSwiftPackageReference;
			repositoryURL = "https://github.com/firebase/firebase-ios-sdk";
			requirement = {
				kind = upToNextMajorVersion;
				minimumVersion = 10.0.0;
			};
		};
/* End XCRemoteSwiftPackageReference section */

/* Begin XCSwiftPackageProductDependency section */
		7F1225AC2A8AD70F009BE2A1 /* FirebaseAnalytics */ = {
			isa = XCSwiftPackageProductDependency;
			package = 7F1225AB2A8AD70F009BE2A1 /* XCRemoteSwiftPackageReference "firebase-ios-sdk" */;
			productName = FirebaseAnalytics;
		};
		7F1225AE2A8AD70F009BE2A1 /* FirebaseAnalyticsOnDeviceConversion */ = {
			isa = XCSwiftPackageProductDependency;
			package = 7F1225AB2A8AD70F009BE2A1 /* XCRemoteSwiftPackageReference "firebase-ios-sdk" */;
			productName = FirebaseAnalyticsOnDeviceConversion;
		};
		7F1225B02A8AD70F009BE2A1 /* FirebaseAnalyticsSwift */ = {
			isa = XCSwiftPackageProductDependency;
			package = 7F1225AB2A8AD70F009BE2A1 /* XCRemoteSwiftPackageReference "firebase-ios-sdk" */;
			productName = FirebaseAnalyticsSwift;
		};
		7F1225B22A8AD70F009BE2A1 /* FirebaseAnalyticsWithoutAdIdSupport */ = {
			isa = XCSwiftPackageProductDependency;
			package = 7F1225AB2A8AD70F009BE2A1 /* XCRemoteSwiftPackageReference "firebase-ios-sdk" */;
			productName = FirebaseAnalyticsWithoutAdIdSupport;
		};
		7F1225B42A8AD70F009BE2A1 /* FirebaseAppCheck */ = {
			isa = XCSwiftPackageProductDependency;
			package = 7F1225AB2A8AD70F009BE2A1 /* XCRemoteSwiftPackageReference "firebase-ios-sdk" */;
			productName = FirebaseAppCheck;
		};
		7F1225B62A8AD70F009BE2A1 /* FirebaseAppDistribution-Beta */ = {
			isa = XCSwiftPackageProductDependency;
			package = 7F1225AB2A8AD70F009BE2A1 /* XCRemoteSwiftPackageReference "firebase-ios-sdk" */;
			productName = "FirebaseAppDistribution-Beta";
		};
		7F1225B82A8AD70F009BE2A1 /* FirebaseAuth */ = {
			isa = XCSwiftPackageProductDependency;
			package = 7F1225AB2A8AD70F009BE2A1 /* XCRemoteSwiftPackageReference "firebase-ios-sdk" */;
			productName = FirebaseAuth;
		};
		7F1225BA2A8AD70F009BE2A1 /* FirebaseAuthCombine-Community */ = {
			isa = XCSwiftPackageProductDependency;
			package = 7F1225AB2A8AD70F009BE2A1 /* XCRemoteSwiftPackageReference "firebase-ios-sdk" */;
			productName = "FirebaseAuthCombine-Community";
		};
		7F1225BC2A8AD70F009BE2A1 /* FirebaseCrashlytics */ = {
			isa = XCSwiftPackageProductDependency;
			package = 7F1225AB2A8AD70F009BE2A1 /* XCRemoteSwiftPackageReference "firebase-ios-sdk" */;
			productName = FirebaseCrashlytics;
		};
		7F1225BE2A8AD70F009BE2A1 /* FirebaseDatabase */ = {
			isa = XCSwiftPackageProductDependency;
			package = 7F1225AB2A8AD70F009BE2A1 /* XCRemoteSwiftPackageReference "firebase-ios-sdk" */;
			productName = FirebaseDatabase;
		};
		7F1225C02A8AD70F009BE2A1 /* FirebaseDatabaseSwift */ = {
			isa = XCSwiftPackageProductDependency;
			package = 7F1225AB2A8AD70F009BE2A1 /* XCRemoteSwiftPackageReference "firebase-ios-sdk" */;
			productName = FirebaseDatabaseSwift;
		};
		7F1225C22A8AD70F009BE2A1 /* FirebaseDynamicLinks */ = {
			isa = XCSwiftPackageProductDependency;
			package = 7F1225AB2A8AD70F009BE2A1 /* XCRemoteSwiftPackageReference "firebase-ios-sdk" */;
			productName = FirebaseDynamicLinks;
		};
		7F1225C42A8AD70F009BE2A1 /* FirebaseFirestore */ = {
			isa = XCSwiftPackageProductDependency;
			package = 7F1225AB2A8AD70F009BE2A1 /* XCRemoteSwiftPackageReference "firebase-ios-sdk" */;
			productName = FirebaseFirestore;
		};
		7F1225C62A8AD70F009BE2A1 /* FirebaseFirestoreCombine-Community */ = {
			isa = XCSwiftPackageProductDependency;
			package = 7F1225AB2A8AD70F009BE2A1 /* XCRemoteSwiftPackageReference "firebase-ios-sdk" */;
			productName = "FirebaseFirestoreCombine-Community";
		};
		7F1225C82A8AD70F009BE2A1 /* FirebaseFirestoreSwift */ = {
			isa = XCSwiftPackageProductDependency;
			package = 7F1225AB2A8AD70F009BE2A1 /* XCRemoteSwiftPackageReference "firebase-ios-sdk" */;
			productName = FirebaseFirestoreSwift;
		};
		7F1225CA2A8AD70F009BE2A1 /* FirebaseFunctions */ = {
			isa = XCSwiftPackageProductDependency;
			package = 7F1225AB2A8AD70F009BE2A1 /* XCRemoteSwiftPackageReference "firebase-ios-sdk" */;
			productName = FirebaseFunctions;
		};
		7F1225CC2A8AD70F009BE2A1 /* FirebaseFunctionsCombine-Community */ = {
			isa = XCSwiftPackageProductDependency;
			package = 7F1225AB2A8AD70F009BE2A1 /* XCRemoteSwiftPackageReference "firebase-ios-sdk" */;
			productName = "FirebaseFunctionsCombine-Community";
		};
		7F1225CE2A8AD70F009BE2A1 /* FirebaseInAppMessaging-Beta */ = {
			isa = XCSwiftPackageProductDependency;
			package = 7F1225AB2A8AD70F009BE2A1 /* XCRemoteSwiftPackageReference "firebase-ios-sdk" */;
			productName = "FirebaseInAppMessaging-Beta";
		};
		7F1225D02A8AD70F009BE2A1 /* FirebaseInAppMessagingSwift-Beta */ = {
			isa = XCSwiftPackageProductDependency;
			package = 7F1225AB2A8AD70F009BE2A1 /* XCRemoteSwiftPackageReference "firebase-ios-sdk" */;
			productName = "FirebaseInAppMessagingSwift-Beta";
		};
		7F1225D22A8AD70F009BE2A1 /* FirebaseInstallations */ = {
			isa = XCSwiftPackageProductDependency;
			package = 7F1225AB2A8AD70F009BE2A1 /* XCRemoteSwiftPackageReference "firebase-ios-sdk" */;
			productName = FirebaseInstallations;
		};
		7F1225D42A8AD70F009BE2A1 /* FirebaseMLModelDownloader */ = {
			isa = XCSwiftPackageProductDependency;
			package = 7F1225AB2A8AD70F009BE2A1 /* XCRemoteSwiftPackageReference "firebase-ios-sdk" */;
			productName = FirebaseMLModelDownloader;
		};
		7F1225D62A8AD70F009BE2A1 /* FirebaseMessaging */ = {
			isa = XCSwiftPackageProductDependency;
			package = 7F1225AB2A8AD70F009BE2A1 /* XCRemoteSwiftPackageReference "firebase-ios-sdk" */;
			productName = FirebaseMessaging;
		};
		7F1225D82A8AD70F009BE2A1 /* FirebasePerformance */ = {
			isa = XCSwiftPackageProductDependency;
			package = 7F1225AB2A8AD70F009BE2A1 /* XCRemoteSwiftPackageReference "firebase-ios-sdk" */;
			productName = FirebasePerformance;
		};
		7F1225DA2A8AD70F009BE2A1 /* FirebaseRemoteConfig */ = {
			isa = XCSwiftPackageProductDependency;
			package = 7F1225AB2A8AD70F009BE2A1 /* XCRemoteSwiftPackageReference "firebase-ios-sdk" */;
			productName = FirebaseRemoteConfig;
		};
		7F1225DC2A8AD70F009BE2A1 /* FirebaseRemoteConfigSwift */ = {
			isa = XCSwiftPackageProductDependency;
			package = 7F1225AB2A8AD70F009BE2A1 /* XCRemoteSwiftPackageReference "firebase-ios-sdk" */;
			productName = FirebaseRemoteConfigSwift;
		};
		7F1225DE2A8AD70F009BE2A1 /* FirebaseStorage */ = {
			isa = XCSwiftPackageProductDependency;
			package = 7F1225AB2A8AD70F009BE2A1 /* XCRemoteSwiftPackageReference "firebase-ios-sdk" */;
			productName = FirebaseStorage;
		};
		7F1225E02A8AD70F009BE2A1 /* FirebaseStorageCombine-Community */ = {
			isa = XCSwiftPackageProductDependency;
			package = 7F1225AB2A8AD70F009BE2A1 /* XCRemoteSwiftPackageReference "firebase-ios-sdk" */;
			productName = "FirebaseStorageCombine-Community";
		};
/* End XCSwiftPackageProductDependency section */
	};
	rootObject = 8DA181772A67115C002353F9 /* Project object */;
}
